
Microsoft Visual Studio Solution File, Format Version 12.00
# Visual Studio Version 16
VisualStudioVersion = 16.0.30711.63
MinimumVisualStudioVersion = 10.0.40219.1
Project("{9A19103F-16F7-4668-BE54-9A1E7A4F7556}") = "CarTeckAPI", "CarTeckAPI\CarTeckAPI.csproj", "{A9454882-4367-4FFB-A3A7-98F6D6899422}"
EndProject
Global
	GlobalSection(SolutionConfigurationPlatforms) = preSolution
		Debug|Any CPU = Debug|Any CPU
		Release|Any CPU = Release|Any CPU
	EndGlobalSection
	GlobalSection(ProjectConfigurationPlatforms) = postSolution
		{A9454882-4367-4FFB-A3A7-98F6D6899422}.Debug|Any CPU.ActiveCfg = Debug|Any CPU
		{A9454882-4367-4FFB-A3A7-98F6D6899422}.Debug|Any CPU.Build.0 = Debug|Any CPU
		{A9454882-4367-4FFB-A3A7-98F6D6899422}.Release|Any CPU.ActiveCfg = Release|Any CPU
		{A9454882-4367-4FFB-A3A7-98F6D6899422}.Release|Any CPU.Build.0 = Release|Any CPU
	EndGlobalSection
	GlobalSection(SolutionProperties) = preSolution
		HideSolutionNode = FALSE
	EndGlobalSection
	GlobalSection(ExtensibilityGlobals) = postSolution
		SolutionGuid = {3DCD1BCC-A8D6-47D2-9FD3-F1F9D17F0A92}
	EndGlobalSection
EndGlobal
