
Microsoft Visual Studio Solution File, Format Version 12.00
# Visual Studio Version 16
VisualStudioVersion = 16.0.30907.101
MinimumVisualStudioVersion = 10.0.40219.1
Project("{FAE04EC0-301F-11D3-BF4B-00C04F79EFBC}") = "CarTeckM.UWP", "CarTeckM\CarTeckM.UWP\CarTeckM.UWP.csproj", "{447DF8D8-F1DF-43FF-900E-7E84056F61B0}"
EndProject
Project("{FAE04EC0-301F-11D3-BF4B-00C04F79EFBC}") = "CarTeckM.Android", "CarTeckM\CarTeckM.Android\CarTeckM.Android.csproj", "{7D14F01B-FAA3-41C0-80A2-24624204CA7A}"
EndProject
Project("{FAE04EC0-301F-11D3-BF4B-00C04F79EFBC}") = "CarTeckM.iOS", "CarTeckM\CarTeckM.iOS\CarTeckM.iOS.csproj", "{3D196EF9-D10E-4D18-B3C2-A95EE9EA23B2}"
EndProject
Project("{FAE04EC0-301F-11D3-BF4B-00C04F79EFBC}") = "CarTeckM", "CarTeckM\CarTeckM\CarTeckM.csproj", "{48BB0058-A1D8-46F0-B50C-0F8867AA9EF0}"
EndProject
Global
	GlobalSection(SolutionConfigurationPlatforms) = preSolution
		Debug|Any CPU = Debug|Any CPU
		Debug|ARM = Debug|ARM
		Debug|iPhone = Debug|iPhone
		Debug|iPhoneSimulator = Debug|iPhoneSimulator
		Debug|x64 = Debug|x64
		Debug|x86 = Debug|x86
		Release|Any CPU = Release|Any CPU
		Release|ARM = Release|ARM
		Release|iPhone = Release|iPhone
		Release|iPhoneSimulator = Release|iPhoneSimulator
		Release|x64 = Release|x64
		Release|x86 = Release|x86
	EndGlobalSection
	GlobalSection(ProjectConfigurationPlatforms) = postSolution
		{447DF8D8-F1DF-43FF-900E-7E84056F61B0}.Debug|Any CPU.ActiveCfg = Debug|x86
		{447DF8D8-F1DF-43FF-900E-7E84056F61B0}.Debug|Any CPU.Build.0 = Debug|x86
		{447DF8D8-F1DF-43FF-900E-7E84056F61B0}.Debug|Any CPU.Deploy.0 = Debug|x86
		{447DF8D8-F1DF-43FF-900E-7E84056F61B0}.Debug|ARM.ActiveCfg = Debug|ARM
		{447DF8D8-F1DF-43FF-900E-7E84056F61B0}.Debug|ARM.Build.0 = Debug|ARM
		{447DF8D8-F1DF-43FF-900E-7E84056F61B0}.Debug|ARM.Deploy.0 = Debug|ARM
		{447DF8D8-F1DF-43FF-900E-7E84056F61B0}.Debug|iPhone.ActiveCfg = Debug|x86
		{447DF8D8-F1DF-43FF-900E-7E84056F61B0}.Debug|iPhone.Build.0 = Debug|x86
		{447DF8D8-F1DF-43FF-900E-7E84056F61B0}.Debug|iPhone.Deploy.0 = Debug|x86
		{447DF8D8-F1DF-43FF-900E-7E84056F61B0}.Debug|iPhoneSimulator.ActiveCfg = Debug|x86
		{447DF8D8-F1DF-43FF-900E-7E84056F61B0}.Debug|iPhoneSimulator.Build.0 = Debug|x86
		{447DF8D8-F1DF-43FF-900E-7E84056F61B0}.Debug|iPhoneSimulator.Deploy.0 = Debug|x86
		{447DF8D8-F1DF-43FF-900E-7E84056F61B0}.Debug|x64.ActiveCfg = Debug|x64
		{447DF8D8-F1DF-43FF-900E-7E84056F61B0}.Debug|x64.Build.0 = Debug|x64
		{447DF8D8-F1DF-43FF-900E-7E84056F61B0}.Debug|x64.Deploy.0 = Debug|x64
		{447DF8D8-F1DF-43FF-900E-7E84056F61B0}.Debug|x86.ActiveCfg = Debug|x86
		{447DF8D8-F1DF-43FF-900E-7E84056F61B0}.Debug|x86.Build.0 = Debug|x86
		{447DF8D8-F1DF-43FF-900E-7E84056F61B0}.Debug|x86.Deploy.0 = Debug|x86
		{447DF8D8-F1DF-43FF-900E-7E84056F61B0}.Release|Any CPU.ActiveCfg = Release|x86
		{447DF8D8-F1DF-43FF-900E-7E84056F61B0}.Release|Any CPU.Build.0 = Release|x86
		{447DF8D8-F1DF-43FF-900E-7E84056F61B0}.Release|Any CPU.Deploy.0 = Release|x86
		{447DF8D8-F1DF-43FF-900E-7E84056F61B0}.Release|ARM.ActiveCfg = Release|ARM
		{447DF8D8-F1DF-43FF-900E-7E84056F61B0}.Release|ARM.Build.0 = Release|ARM
		{447DF8D8-F1DF-43FF-900E-7E84056F61B0}.Release|ARM.Deploy.0 = Release|ARM
		{447DF8D8-F1DF-43FF-900E-7E84056F61B0}.Release|iPhone.ActiveCfg = Release|x86
		{447DF8D8-F1DF-43FF-900E-7E84056F61B0}.Release|iPhone.Build.0 = Release|x86
		{447DF8D8-F1DF-43FF-900E-7E84056F61B0}.Release|iPhone.Deploy.0 = Release|x86
		{447DF8D8-F1DF-43FF-900E-7E84056F61B0}.Release|iPhoneSimulator.ActiveCfg = Release|x86
		{447DF8D8-F1DF-43FF-900E-7E84056F61B0}.Release|iPhoneSimulator.Build.0 = Release|x86
		{447DF8D8-F1DF-43FF-900E-7E84056F61B0}.Release|iPhoneSimulator.Deploy.0 = Release|x86
		{447DF8D8-F1DF-43FF-900E-7E84056F61B0}.Release|x64.ActiveCfg = Release|x64
		{447DF8D8-F1DF-43FF-900E-7E84056F61B0}.Release|x64.Build.0 = Release|x64
		{447DF8D8-F1DF-43FF-900E-7E84056F61B0}.Release|x64.Deploy.0 = Release|x64
		{447DF8D8-F1DF-43FF-900E-7E84056F61B0}.Release|x86.ActiveCfg = Release|x86
		{447DF8D8-F1DF-43FF-900E-7E84056F61B0}.Release|x86.Build.0 = Release|x86
		{447DF8D8-F1DF-43FF-900E-7E84056F61B0}.Release|x86.Deploy.0 = Release|x86
		{7D14F01B-FAA3-41C0-80A2-24624204CA7A}.Debug|Any CPU.ActiveCfg = Debug|Any CPU
		{7D14F01B-FAA3-41C0-80A2-24624204CA7A}.Debug|Any CPU.Build.0 = Debug|Any CPU
		{7D14F01B-FAA3-41C0-80A2-24624204CA7A}.Debug|Any CPU.Deploy.0 = Debug|Any CPU
		{7D14F01B-FAA3-41C0-80A2-24624204CA7A}.Debug|ARM.ActiveCfg = Debug|Any CPU
		{7D14F01B-FAA3-41C0-80A2-24624204CA7A}.Debug|ARM.Build.0 = Debug|Any CPU
		{7D14F01B-FAA3-41C0-80A2-24624204CA7A}.Debug|ARM.Deploy.0 = Debug|Any CPU
		{7D14F01B-FAA3-41C0-80A2-24624204CA7A}.Debug|iPhone.ActiveCfg = Debug|Any CPU
		{7D14F01B-FAA3-41C0-80A2-24624204CA7A}.Debug|iPhone.Build.0 = Debug|Any CPU
		{7D14F01B-FAA3-41C0-80A2-24624204CA7A}.Debug|iPhone.Deploy.0 = Debug|Any CPU
		{7D14F01B-FAA3-41C0-80A2-24624204CA7A}.Debug|iPhoneSimulator.ActiveCfg = Debug|Any CPU
		{7D14F01B-FAA3-41C0-80A2-24624204CA7A}.Debug|iPhoneSimulator.Build.0 = Debug|Any CPU
		{7D14F01B-FAA3-41C0-80A2-24624204CA7A}.Debug|iPhoneSimulator.Deploy.0 = Debug|Any CPU
		{7D14F01B-FAA3-41C0-80A2-24624204CA7A}.Debug|x64.ActiveCfg = Debug|Any CPU
		{7D14F01B-FAA3-41C0-80A2-24624204CA7A}.Debug|x64.Build.0 = Debug|Any CPU
		{7D14F01B-FAA3-41C0-80A2-24624204CA7A}.Debug|x64.Deploy.0 = Debug|Any CPU
		{7D14F01B-FAA3-41C0-80A2-24624204CA7A}.Debug|x86.ActiveCfg = Debug|Any CPU
		{7D14F01B-FAA3-41C0-80A2-24624204CA7A}.Debug|x86.Build.0 = Debug|Any CPU
		{7D14F01B-FAA3-41C0-80A2-24624204CA7A}.Debug|x86.Deploy.0 = Debug|Any CPU
		{7D14F01B-FAA3-41C0-80A2-24624204CA7A}.Release|Any CPU.ActiveCfg = Release|Any CPU
		{7D14F01B-FAA3-41C0-80A2-24624204CA7A}.Release|Any CPU.Build.0 = Release|Any CPU
		{7D14F01B-FAA3-41C0-80A2-24624204CA7A}.Release|Any CPU.Deploy.0 = Release|Any CPU
		{7D14F01B-FAA3-41C0-80A2-24624204CA7A}.Release|ARM.ActiveCfg = Release|Any CPU
		{7D14F01B-FAA3-41C0-80A2-24624204CA7A}.Release|ARM.Build.0 = Release|Any CPU
		{7D14F01B-FAA3-41C0-80A2-24624204CA7A}.Release|ARM.Deploy.0 = Release|Any CPU
		{7D14F01B-FAA3-41C0-80A2-24624204CA7A}.Release|iPhone.ActiveCfg = Release|Any CPU
		{7D14F01B-FAA3-41C0-80A2-24624204CA7A}.Release|iPhone.Build.0 = Release|Any CPU
		{7D14F01B-FAA3-41C0-80A2-24624204CA7A}.Release|iPhone.Deploy.0 = Release|Any CPU
		{7D14F01B-FAA3-41C0-80A2-24624204CA7A}.Release|iPhoneSimulator.ActiveCfg = Release|Any CPU
		{7D14F01B-FAA3-41C0-80A2-24624204CA7A}.Release|iPhoneSimulator.Build.0 = Release|Any CPU
		{7D14F01B-FAA3-41C0-80A2-24624204CA7A}.Release|iPhoneSimulator.Deploy.0 = Release|Any CPU
		{7D14F01B-FAA3-41C0-80A2-24624204CA7A}.Release|x64.ActiveCfg = Release|Any CPU
		{7D14F01B-FAA3-41C0-80A2-24624204CA7A}.Release|x64.Build.0 = Release|Any CPU
		{7D14F01B-FAA3-41C0-80A2-24624204CA7A}.Release|x64.Deploy.0 = Release|Any CPU
		{7D14F01B-FAA3-41C0-80A2-24624204CA7A}.Release|x86.ActiveCfg = Release|Any CPU
		{7D14F01B-FAA3-41C0-80A2-24624204CA7A}.Release|x86.Build.0 = Release|Any CPU
		{7D14F01B-FAA3-41C0-80A2-24624204CA7A}.Release|x86.Deploy.0 = Release|Any CPU
		{3D196EF9-D10E-4D18-B3C2-A95EE9EA23B2}.Debug|Any CPU.ActiveCfg = Debug|iPhoneSimulator
		{3D196EF9-D10E-4D18-B3C2-A95EE9EA23B2}.Debug|Any CPU.Build.0 = Debug|iPhoneSimulator
		{3D196EF9-D10E-4D18-B3C2-A95EE9EA23B2}.Debug|Any CPU.Deploy.0 = Debug|iPhoneSimulator
		{3D196EF9-D10E-4D18-B3C2-A95EE9EA23B2}.Debug|ARM.ActiveCfg = Debug|iPhone
		{3D196EF9-D10E-4D18-B3C2-A95EE9EA23B2}.Debug|ARM.Build.0 = Debug|iPhone
		{3D196EF9-D10E-4D18-B3C2-A95EE9EA23B2}.Debug|ARM.Deploy.0 = Debug|iPhone
		{3D196EF9-D10E-4D18-B3C2-A95EE9EA23B2}.Debug|iPhone.ActiveCfg = Debug|iPhone
		{3D196EF9-D10E-4D18-B3C2-A95EE9EA23B2}.Debug|iPhone.Build.0 = Debug|iPhone
		{3D196EF9-D10E-4D18-B3C2-A95EE9EA23B2}.Debug|iPhone.Deploy.0 = Debug|iPhone
		{3D196EF9-D10E-4D18-B3C2-A95EE9EA23B2}.Debug|iPhoneSimulator.ActiveCfg = Debug|iPhoneSimulator
		{3D196EF9-D10E-4D18-B3C2-A95EE9EA23B2}.Debug|iPhoneSimulator.Build.0 = Debug|iPhoneSimulator
		{3D196EF9-D10E-4D18-B3C2-A95EE9EA23B2}.Debug|iPhoneSimulator.Deploy.0 = Debug|iPhoneSimulator
		{3D196EF9-D10E-4D18-B3C2-A95EE9EA23B2}.Debug|x64.ActiveCfg = Debug|iPhoneSimulator
		{3D196EF9-D10E-4D18-B3C2-A95EE9EA23B2}.Debug|x64.Build.0 = Debug|iPhoneSimulator
		{3D196EF9-D10E-4D18-B3C2-A95EE9EA23B2}.Debug|x64.Deploy.0 = Debug|iPhoneSimulator
		{3D196EF9-D10E-4D18-B3C2-A95EE9EA23B2}.Debug|x86.ActiveCfg = Debug|iPhoneSimulator
		{3D196EF9-D10E-4D18-B3C2-A95EE9EA23B2}.Debug|x86.Build.0 = Debug|iPhoneSimulator
		{3D196EF9-D10E-4D18-B3C2-A95EE9EA23B2}.Debug|x86.Deploy.0 = Debug|iPhoneSimulator
		{3D196EF9-D10E-4D18-B3C2-A95EE9EA23B2}.Release|Any CPU.ActiveCfg = Release|iPhoneSimulator
		{3D196EF9-D10E-4D18-B3C2-A95EE9EA23B2}.Release|Any CPU.Build.0 = Release|iPhoneSimulator
		{3D196EF9-D10E-4D18-B3C2-A95EE9EA23B2}.Release|Any CPU.Deploy.0 = Release|iPhoneSimulator
		{3D196EF9-D10E-4D18-B3C2-A95EE9EA23B2}.Release|ARM.ActiveCfg = Release|iPhoneSimulator
		{3D196EF9-D10E-4D18-B3C2-A95EE9EA23B2}.Release|ARM.Build.0 = Release|iPhoneSimulator
		{3D196EF9-D10E-4D18-B3C2-A95EE9EA23B2}.Release|ARM.Deploy.0 = Release|iPhoneSimulator
		{3D196EF9-D10E-4D18-B3C2-A95EE9EA23B2}.Release|iPhone.ActiveCfg = Release|iPhone
		{3D196EF9-D10E-4D18-B3C2-A95EE9EA23B2}.Release|iPhone.Build.0 = Release|iPhone
		{3D196EF9-D10E-4D18-B3C2-A95EE9EA23B2}.Release|iPhone.Deploy.0 = Release|iPhone
		{3D196EF9-D10E-4D18-B3C2-A95EE9EA23B2}.Release|iPhoneSimulator.ActiveCfg = Release|iPhoneSimulator
		{3D196EF9-D10E-4D18-B3C2-A95EE9EA23B2}.Release|iPhoneSimulator.Build.0 = Release|iPhoneSimulator
		{3D196EF9-D10E-4D18-B3C2-A95EE9EA23B2}.Release|iPhoneSimulator.Deploy.0 = Release|iPhoneSimulator
		{3D196EF9-D10E-4D18-B3C2-A95EE9EA23B2}.Release|x64.ActiveCfg = Release|iPhoneSimulator
		{3D196EF9-D10E-4D18-B3C2-A95EE9EA23B2}.Release|x64.Build.0 = Release|iPhoneSimulator
		{3D196EF9-D10E-4D18-B3C2-A95EE9EA23B2}.Release|x64.Deploy.0 = Release|iPhoneSimulator
		{3D196EF9-D10E-4D18-B3C2-A95EE9EA23B2}.Release|x86.ActiveCfg = Release|iPhoneSimulator
		{3D196EF9-D10E-4D18-B3C2-A95EE9EA23B2}.Release|x86.Build.0 = Release|iPhoneSimulator
		{3D196EF9-D10E-4D18-B3C2-A95EE9EA23B2}.Release|x86.Deploy.0 = Release|iPhoneSimulator
		{48BB0058-A1D8-46F0-B50C-0F8867AA9EF0}.Debug|Any CPU.ActiveCfg = Debug|Any CPU
		{48BB0058-A1D8-46F0-B50C-0F8867AA9EF0}.Debug|Any CPU.Build.0 = Debug|Any CPU
		{48BB0058-A1D8-46F0-B50C-0F8867AA9EF0}.Debug|Any CPU.Deploy.0 = Debug|Any CPU
		{48BB0058-A1D8-46F0-B50C-0F8867AA9EF0}.Debug|ARM.ActiveCfg = Debug|Any CPU
		{48BB0058-A1D8-46F0-B50C-0F8867AA9EF0}.Debug|ARM.Build.0 = Debug|Any CPU
		{48BB0058-A1D8-46F0-B50C-0F8867AA9EF0}.Debug|ARM.Deploy.0 = Debug|Any CPU
		{48BB0058-A1D8-46F0-B50C-0F8867AA9EF0}.Debug|iPhone.ActiveCfg = Debug|Any CPU
		{48BB0058-A1D8-46F0-B50C-0F8867AA9EF0}.Debug|iPhone.Build.0 = Debug|Any CPU
		{48BB0058-A1D8-46F0-B50C-0F8867AA9EF0}.Debug|iPhone.Deploy.0 = Debug|Any CPU
		{48BB0058-A1D8-46F0-B50C-0F8867AA9EF0}.Debug|iPhoneSimulator.ActiveCfg = Debug|Any CPU
		{48BB0058-A1D8-46F0-B50C-0F8867AA9EF0}.Debug|iPhoneSimulator.Build.0 = Debug|Any CPU
		{48BB0058-A1D8-46F0-B50C-0F8867AA9EF0}.Debug|iPhoneSimulator.Deploy.0 = Debug|Any CPU
		{48BB0058-A1D8-46F0-B50C-0F8867AA9EF0}.Debug|x64.ActiveCfg = Debug|Any CPU
		{48BB0058-A1D8-46F0-B50C-0F8867AA9EF0}.Debug|x64.Build.0 = Debug|Any CPU
		{48BB0058-A1D8-46F0-B50C-0F8867AA9EF0}.Debug|x64.Deploy.0 = Debug|Any CPU
		{48BB0058-A1D8-46F0-B50C-0F8867AA9EF0}.Debug|x86.ActiveCfg = Debug|Any CPU
		{48BB0058-A1D8-46F0-B50C-0F8867AA9EF0}.Debug|x86.Build.0 = Debug|Any CPU
		{48BB0058-A1D8-46F0-B50C-0F8867AA9EF0}.Debug|x86.Deploy.0 = Debug|Any CPU
		{48BB0058-A1D8-46F0-B50C-0F8867AA9EF0}.Release|Any CPU.ActiveCfg = Release|Any CPU
		{48BB0058-A1D8-46F0-B50C-0F8867AA9EF0}.Release|Any CPU.Build.0 = Release|Any CPU
		{48BB0058-A1D8-46F0-B50C-0F8867AA9EF0}.Release|Any CPU.Deploy.0 = Release|Any CPU
		{48BB0058-A1D8-46F0-B50C-0F8867AA9EF0}.Release|ARM.ActiveCfg = Release|Any CPU
		{48BB0058-A1D8-46F0-B50C-0F8867AA9EF0}.Release|ARM.Build.0 = Release|Any CPU
		{48BB0058-A1D8-46F0-B50C-0F8867AA9EF0}.Release|ARM.Deploy.0 = Release|Any CPU
		{48BB0058-A1D8-46F0-B50C-0F8867AA9EF0}.Release|iPhone.ActiveCfg = Release|Any CPU
		{48BB0058-A1D8-46F0-B50C-0F8867AA9EF0}.Release|iPhone.Build.0 = Release|Any CPU
		{48BB0058-A1D8-46F0-B50C-0F8867AA9EF0}.Release|iPhone.Deploy.0 = Release|Any CPU
		{48BB0058-A1D8-46F0-B50C-0F8867AA9EF0}.Release|iPhoneSimulator.ActiveCfg = Release|Any CPU
		{48BB0058-A1D8-46F0-B50C-0F8867AA9EF0}.Release|iPhoneSimulator.Build.0 = Release|Any CPU
		{48BB0058-A1D8-46F0-B50C-0F8867AA9EF0}.Release|iPhoneSimulator.Deploy.0 = Release|Any CPU
		{48BB0058-A1D8-46F0-B50C-0F8867AA9EF0}.Release|x64.ActiveCfg = Release|Any CPU
		{48BB0058-A1D8-46F0-B50C-0F8867AA9EF0}.Release|x64.Build.0 = Release|Any CPU
		{48BB0058-A1D8-46F0-B50C-0F8867AA9EF0}.Release|x64.Deploy.0 = Release|Any CPU
		{48BB0058-A1D8-46F0-B50C-0F8867AA9EF0}.Release|x86.ActiveCfg = Release|Any CPU
		{48BB0058-A1D8-46F0-B50C-0F8867AA9EF0}.Release|x86.Build.0 = Release|Any CPU
		{48BB0058-A1D8-46F0-B50C-0F8867AA9EF0}.Release|x86.Deploy.0 = Release|Any CPU
	EndGlobalSection
	GlobalSection(SolutionProperties) = preSolution
		HideSolutionNode = FALSE
	EndGlobalSection
	GlobalSection(ExtensibilityGlobals) = postSolution
		SolutionGuid = {A6020CB2-1153-4334-B685-73D28605876F}
	EndGlobalSection
EndGlobal
